
Microsoft Visual Studio Solution File, Format Version 12.00
# Visual Studio Version 16
VisualStudioVersion = 16.0.31410.357
MinimumVisualStudioVersion = 10.0.40219.1
Project("{FAE04EC0-301F-11D3-BF4B-00C04F79EFBC}") = "Generics", "Generics\Generics.csproj", "{5C37358A-646D-49EB-A749-A11BE1DC7590}"
EndProject
Global
	GlobalSection(SolutionConfigurationPlatforms) = preSolution
		Debug|Any CPU = Debug|Any CPU
		Release|Any CPU = Release|Any CPU
	EndGlobalSection
	GlobalSection(ProjectConfigurationPlatforms) = postSolution
		{5C37358A-646D-49EB-A749-A11BE1DC7590}.Debug|Any CPU.ActiveCfg = Debug|Any CPU
		{5C37358A-646D-49EB-A749-A11BE1DC7590}.Debug|Any CPU.Build.0 = Debug|Any CPU
		{5C37358A-646D-49EB-A749-A11BE1DC7590}.Release|Any CPU.ActiveCfg = Release|Any CPU
		{5C37358A-646D-49EB-A749-A11BE1DC7590}.Release|Any CPU.Build.0 = Release|Any CPU
	EndGlobalSection
	GlobalSection(SolutionProperties) = preSolution
		HideSolutionNode = FALSE
	EndGlobalSection
	GlobalSection(ExtensibilityGlobals) = postSolution
		SolutionGuid = {F2EB60F8-FD4E-4F9F-A5EC-4D25A46D2880}
	EndGlobalSection
EndGlobal
